
Microsoft Visual Studio Solution File, Format Version 12.00
# Visual Studio 15
VisualStudioVersion = 15.0.27004.2005
MinimumVisualStudioVersion = 10.0.40219.1
Project("{FAE04EC0-301F-11D3-BF4B-00C04F79EFBC}") = "siof.Common.Wpf.DispatchedObservableCollection", "Common.Wpf.DispatchedObservableCollection\siof.Common.Wpf.DispatchedObservableCollection.csproj", "{9061BF98-9157-4E16-8CB4-7D90423015D2}"
EndProject
Global
	GlobalSection(SolutionConfigurationPlatforms) = preSolution
		Debug|Any CPU = Debug|Any CPU
		Release|Any CPU = Release|Any CPU
	EndGlobalSection
	GlobalSection(ProjectConfigurationPlatforms) = postSolution
		{9061BF98-9157-4E16-8CB4-7D90423015D2}.Debug|Any CPU.ActiveCfg = Debug|Any CPU
		{9061BF98-9157-4E16-8CB4-7D90423015D2}.Debug|Any CPU.Build.0 = Debug|Any CPU
		{9061BF98-9157-4E16-8CB4-7D90423015D2}.Release|Any CPU.ActiveCfg = Release|Any CPU
		{9061BF98-9157-4E16-8CB4-7D90423015D2}.Release|Any CPU.Build.0 = Release|Any CPU
	EndGlobalSection
	GlobalSection(SolutionProperties) = preSolution
		HideSolutionNode = FALSE
	EndGlobalSection
	GlobalSection(ExtensibilityGlobals) = postSolution
		SolutionGuid = {10FA8D10-1E36-49A1-B0AE-A0562F4C233A}
	EndGlobalSection
EndGlobal
